
Microsoft Visual Studio Solution File, Format Version 12.00
# Visual Studio Version 17
VisualStudioVersion = 17.5.33530.505
MinimumVisualStudioVersion = 10.0.40219.1
Project("{FAE04EC0-301F-11D3-BF4B-00C04F79EFBC}") = "Excersism", "Excersism\Excersism.csproj", "{0275014C-83D2-493E-835A-C1D44960891F}"
EndProject
Project("{FAE04EC0-301F-11D3-BF4B-00C04F79EFBC}") = "TestExcersism", "TestExcersism\TestExcersism.csproj", "{5C597E83-C022-436E-8138-79028E4F789A}"
EndProject
Global
	GlobalSection(SolutionConfigurationPlatforms) = preSolution
		Debug|Any CPU = Debug|Any CPU
		Release|Any CPU = Release|Any CPU
	EndGlobalSection
	GlobalSection(ProjectConfigurationPlatforms) = postSolution
		{0275014C-83D2-493E-835A-C1D44960891F}.Debug|Any CPU.ActiveCfg = Debug|Any CPU
		{0275014C-83D2-493E-835A-C1D44960891F}.Debug|Any CPU.Build.0 = Debug|Any CPU
		{0275014C-83D2-493E-835A-C1D44960891F}.Release|Any CPU.ActiveCfg = Release|Any CPU
		{0275014C-83D2-493E-835A-C1D44960891F}.Release|Any CPU.Build.0 = Release|Any CPU
		{5C597E83-C022-436E-8138-79028E4F789A}.Debug|Any CPU.ActiveCfg = Debug|Any CPU
		{5C597E83-C022-436E-8138-79028E4F789A}.Debug|Any CPU.Build.0 = Debug|Any CPU
		{5C597E83-C022-436E-8138-79028E4F789A}.Release|Any CPU.ActiveCfg = Release|Any CPU
		{5C597E83-C022-436E-8138-79028E4F789A}.Release|Any CPU.Build.0 = Release|Any CPU
	EndGlobalSection
	GlobalSection(SolutionProperties) = preSolution
		HideSolutionNode = FALSE
	EndGlobalSection
	GlobalSection(ExtensibilityGlobals) = postSolution
		SolutionGuid = {5D2C7DCC-D30F-4350-B6E4-AAEFA0D53B7F}
	EndGlobalSection
EndGlobal
