
Microsoft Visual Studio Solution File, Format Version 12.00
# Visual Studio Version 17
VisualStudioVersion = 17.5.33530.505
MinimumVisualStudioVersion = 10.0.40219.1
Project("{FAE04EC0-301F-11D3-BF4B-00C04F79EFBC}") = "excercism", "excercism\excercism.csproj", "{670C4C1D-A469-45A2-9174-84D41E764BED}"
EndProject
Global
	GlobalSection(SolutionConfigurationPlatforms) = preSolution
		Debug|Any CPU = Debug|Any CPU
		Release|Any CPU = Release|Any CPU
	EndGlobalSection
	GlobalSection(ProjectConfigurationPlatforms) = postSolution
		{670C4C1D-A469-45A2-9174-84D41E764BED}.Debug|Any CPU.ActiveCfg = Debug|Any CPU
		{670C4C1D-A469-45A2-9174-84D41E764BED}.Debug|Any CPU.Build.0 = Debug|Any CPU
		{670C4C1D-A469-45A2-9174-84D41E764BED}.Release|Any CPU.ActiveCfg = Release|Any CPU
		{670C4C1D-A469-45A2-9174-84D41E764BED}.Release|Any CPU.Build.0 = Release|Any CPU
	EndGlobalSection
	GlobalSection(SolutionProperties) = preSolution
		HideSolutionNode = FALSE
	EndGlobalSection
	GlobalSection(ExtensibilityGlobals) = postSolution
		SolutionGuid = {5D2C7DCC-D30F-4350-B6E4-AAEFA0D53B7F}
	EndGlobalSection
EndGlobal
